
Microsoft Visual Studio Solution File, Format Version 12.00
# Visual Studio Version 17
VisualStudioVersion = 17.8.34316.72
MinimumVisualStudioVersion = 10.0.40219.1
Project("{FAE04EC0-301F-11D3-BF4B-00C04F79EFBC}") = "Ejercicio2", "Ejercicio2\Ejercicio2.csproj", "{0C7F9852-D753-4122-B44C-F15C115250BB}"
EndProject
Global
	GlobalSection(SolutionConfigurationPlatforms) = preSolution
		Debug|Any CPU = Debug|Any CPU
		Release|Any CPU = Release|Any CPU
	EndGlobalSection
	GlobalSection(ProjectConfigurationPlatforms) = postSolution
		{0C7F9852-D753-4122-B44C-F15C115250BB}.Debug|Any CPU.ActiveCfg = Debug|Any CPU
		{0C7F9852-D753-4122-B44C-F15C115250BB}.Debug|Any CPU.Build.0 = Debug|Any CPU
		{0C7F9852-D753-4122-B44C-F15C115250BB}.Release|Any CPU.ActiveCfg = Release|Any CPU
		{0C7F9852-D753-4122-B44C-F15C115250BB}.Release|Any CPU.Build.0 = Release|Any CPU
	EndGlobalSection
	GlobalSection(SolutionProperties) = preSolution
		HideSolutionNode = FALSE
	EndGlobalSection
	GlobalSection(ExtensibilityGlobals) = postSolution
		SolutionGuid = {A1C2CAFD-EBD0-451C-A189-08130849070C}
	EndGlobalSection
EndGlobal
